
Microsoft Visual Studio Solution File, Format Version 12.00
# Visual Studio Version 16
VisualStudioVersion = 16.0.31129.286
MinimumVisualStudioVersion = 10.0.40219.1
Project("{6EC3EE1D-3C4E-46DD-8F32-0CC8E7565705}") = "RZ.FSharp.Extension", "src\RZ.FSharp.Extension\RZ.FSharp.Extension.fsproj", "{624115DC-A3AE-4D02-B077-3D76281D8CD9}"
EndProject
Project("{2150E333-8FDC-42A3-9474-1A3956D46DE8}") = "Solution Items", "Solution Items", "{1C63281E-F3A2-4B41-98CB-31B949768C4F}"
	ProjectSection(SolutionItems) = preProject
		.gitignore = .gitignore
		README.md = README.md
	EndProjectSection
EndProject
Project("{2150E333-8FDC-42A3-9474-1A3956D46DE8}") = "Tests", "Tests", "{9C25EA78-26CE-443F-83C5-B8B1C7C40FE6}"
EndProject
Project("{F2A71F9B-5D33-465A-A702-920D77279786}") = "AllTests", "test\AllTests\AllTests.fsproj", "{12E9687C-F68A-448E-B753-95F085BBFA81}"
EndProject
Project("{2150E333-8FDC-42A3-9474-1A3956D46DE8}") = "Example", "Example", "{5D1B63FF-35E1-47F4-B3CE-FE692FF9EDDE}"
EndProject
Project("{F2A71F9B-5D33-465A-A702-920D77279786}") = "IOMonad", "example\IOMonad\IOMonad.fsproj", "{9CC73189-10B2-4142-A0B3-39AC5385C07F}"
EndProject
Project("{F2A71F9B-5D33-465A-A702-920D77279786}") = "IOWithEnv", "example\IOWithEnv\IOWithEnv.fsproj", "{6FD130C4-FEF8-4081-A295-3E63973B78F0}"
EndProject
Project("{F2A71F9B-5D33-465A-A702-920D77279786}") = "IOAsync", "example\IOAsync\IOAsync.fsproj", "{D23E6676-3004-4DB0-A8D2-88431CCA200F}"
EndProject
Global
	GlobalSection(SolutionConfigurationPlatforms) = preSolution
		Debug|Any CPU = Debug|Any CPU
		Release|Any CPU = Release|Any CPU
	EndGlobalSection
	GlobalSection(ProjectConfigurationPlatforms) = postSolution
		{624115DC-A3AE-4D02-B077-3D76281D8CD9}.Debug|Any CPU.ActiveCfg = Debug|Any CPU
		{624115DC-A3AE-4D02-B077-3D76281D8CD9}.Debug|Any CPU.Build.0 = Debug|Any CPU
		{624115DC-A3AE-4D02-B077-3D76281D8CD9}.Release|Any CPU.ActiveCfg = Release|Any CPU
		{624115DC-A3AE-4D02-B077-3D76281D8CD9}.Release|Any CPU.Build.0 = Release|Any CPU
		{12E9687C-F68A-448E-B753-95F085BBFA81}.Debug|Any CPU.ActiveCfg = Debug|Any CPU
		{12E9687C-F68A-448E-B753-95F085BBFA81}.Debug|Any CPU.Build.0 = Debug|Any CPU
		{12E9687C-F68A-448E-B753-95F085BBFA81}.Release|Any CPU.ActiveCfg = Release|Any CPU
		{12E9687C-F68A-448E-B753-95F085BBFA81}.Release|Any CPU.Build.0 = Release|Any CPU
		{9CC73189-10B2-4142-A0B3-39AC5385C07F}.Debug|Any CPU.ActiveCfg = Debug|Any CPU
		{9CC73189-10B2-4142-A0B3-39AC5385C07F}.Debug|Any CPU.Build.0 = Debug|Any CPU
		{9CC73189-10B2-4142-A0B3-39AC5385C07F}.Release|Any CPU.ActiveCfg = Release|Any CPU
		{9CC73189-10B2-4142-A0B3-39AC5385C07F}.Release|Any CPU.Build.0 = Release|Any CPU
		{6FD130C4-FEF8-4081-A295-3E63973B78F0}.Debug|Any CPU.ActiveCfg = Debug|Any CPU
		{6FD130C4-FEF8-4081-A295-3E63973B78F0}.Debug|Any CPU.Build.0 = Debug|Any CPU
		{6FD130C4-FEF8-4081-A295-3E63973B78F0}.Release|Any CPU.ActiveCfg = Release|Any CPU
		{6FD130C4-FEF8-4081-A295-3E63973B78F0}.Release|Any CPU.Build.0 = Release|Any CPU
		{D23E6676-3004-4DB0-A8D2-88431CCA200F}.Debug|Any CPU.ActiveCfg = Debug|Any CPU
		{D23E6676-3004-4DB0-A8D2-88431CCA200F}.Debug|Any CPU.Build.0 = Debug|Any CPU
		{D23E6676-3004-4DB0-A8D2-88431CCA200F}.Release|Any CPU.ActiveCfg = Release|Any CPU
		{D23E6676-3004-4DB0-A8D2-88431CCA200F}.Release|Any CPU.Build.0 = Release|Any CPU
	EndGlobalSection
	GlobalSection(SolutionProperties) = preSolution
		HideSolutionNode = FALSE
	EndGlobalSection
	GlobalSection(ExtensibilityGlobals) = postSolution
		SolutionGuid = {774271B1-B5DE-488E-8C8E-1F28989C0863}
	EndGlobalSection
	GlobalSection(NestedProjects) = preSolution
		{12E9687C-F68A-448E-B753-95F085BBFA81} = {9C25EA78-26CE-443F-83C5-B8B1C7C40FE6}
		{9CC73189-10B2-4142-A0B3-39AC5385C07F} = {5D1B63FF-35E1-47F4-B3CE-FE692FF9EDDE}
		{6FD130C4-FEF8-4081-A295-3E63973B78F0} = {5D1B63FF-35E1-47F4-B3CE-FE692FF9EDDE}
		{D23E6676-3004-4DB0-A8D2-88431CCA200F} = {5D1B63FF-35E1-47F4-B3CE-FE692FF9EDDE}
	EndGlobalSection
EndGlobal