
Microsoft Visual Studio Solution File, Format Version 12.00
# Visual Studio Version 16
VisualStudioVersion = 16.0.31129.286
MinimumVisualStudioVersion = 10.0.40219.1
Project("{6EC3EE1D-3C4E-46DD-8F32-0CC8E7565705}") = "RZ.FSharp.Extension", "src\RZ.FSharp.Extension.fsproj", "{624115DC-A3AE-4D02-B077-3D76281D8CD9}"
EndProject
Project("{2150E333-8FDC-42A3-9474-1A3956D46DE8}") = "Solution Items", "Solution Items", "{1C63281E-F3A2-4B41-98CB-31B949768C4F}"
	ProjectSection(SolutionItems) = preProject
		.gitignore = .gitignore
		README.md = README.md
	EndProjectSection
EndProject
Project("{2150E333-8FDC-42A3-9474-1A3956D46DE8}") = "Tests", "Tests", "{9C25EA78-26CE-443F-83C5-B8B1C7C40FE6}"
EndProject
Project("{F2A71F9B-5D33-465A-A702-920D77279786}") = "AllTests", "..\..\..\Data\Workspace\libs\RZ.FSharp.Extension\test\AllTests\AllTests.fsproj", "{F0F1F3AD-9FAE-42DF-BFDB-17A9916B2FCE}"
EndProject
Global
	GlobalSection(SolutionConfigurationPlatforms) = preSolution
		Debug|Any CPU = Debug|Any CPU
		Release|Any CPU = Release|Any CPU
	EndGlobalSection
	GlobalSection(ProjectConfigurationPlatforms) = postSolution
		{624115DC-A3AE-4D02-B077-3D76281D8CD9}.Debug|Any CPU.ActiveCfg = Debug|Any CPU
		{624115DC-A3AE-4D02-B077-3D76281D8CD9}.Debug|Any CPU.Build.0 = Debug|Any CPU
		{624115DC-A3AE-4D02-B077-3D76281D8CD9}.Release|Any CPU.ActiveCfg = Release|Any CPU
		{624115DC-A3AE-4D02-B077-3D76281D8CD9}.Release|Any CPU.Build.0 = Release|Any CPU
		{F0F1F3AD-9FAE-42DF-BFDB-17A9916B2FCE}.Debug|Any CPU.ActiveCfg = Debug|Any CPU
		{F0F1F3AD-9FAE-42DF-BFDB-17A9916B2FCE}.Debug|Any CPU.Build.0 = Debug|Any CPU
		{F0F1F3AD-9FAE-42DF-BFDB-17A9916B2FCE}.Release|Any CPU.ActiveCfg = Release|Any CPU
		{F0F1F3AD-9FAE-42DF-BFDB-17A9916B2FCE}.Release|Any CPU.Build.0 = Release|Any CPU
	EndGlobalSection
	GlobalSection(SolutionProperties) = preSolution
		HideSolutionNode = FALSE
	EndGlobalSection
	GlobalSection(ExtensibilityGlobals) = postSolution
		SolutionGuid = {774271B1-B5DE-488E-8C8E-1F28989C0863}
	EndGlobalSection
	GlobalSection(NestedProjects) = preSolution
		{F0F1F3AD-9FAE-42DF-BFDB-17A9916B2FCE} = {9C25EA78-26CE-443F-83C5-B8B1C7C40FE6}
	EndGlobalSection
EndGlobal
